
Microsoft Visual Studio Solution File, Format Version 12.00
# Visual Studio Version 17
VisualStudioVersion = 17.0.31903.59
MinimumVisualStudioVersion = 10.0.40219.1
Project("{8BC9CEB8-8B4A-11D0-8D11-00A0C91BC942}") = "test", "test\vsprojects\test.vcxproj", "{84026A9C-29DC-4C42-9AA5-5776F51828BB}"
EndProject
Project("{2150E333-8FDC-42A3-9474-1A3956D46DE8}") = "libevent", "libevent", "{0DD929BE-C03E-492E-BAF4-4396E2DADEB3}"
EndProject
Project("{2150E333-8FDC-42A3-9474-1A3956D46DE8}") = "libglog", "libglog", "{A22727FA-FA42-450D-9AA2-AF01EFAD2B25}"
EndProject
Project("{2150E333-8FDC-42A3-9474-1A3956D46DE8}") = "libcurl", "libcurl", "{90E442B2-7EA7-41DC-ACC3-3CF6A263485A}"
EndProject
Project("{8BC9CEB8-8B4A-11D0-8D11-00A0C91BC942}") = "evpp_static", "vsprojects\evpp_static.vcxproj", "{CF53E5DA-4975-4E8F-B1C0-E260D7CA5B8B}"
EndProject
Project("{2150E333-8FDC-42A3-9474-1A3956D46DE8}") = "libpthreads", "libpthreads", "{2F8C4972-EAE5-443A-BCB9-5F8FC6301CD3}"
EndProject
Project("{2150E333-8FDC-42A3-9474-1A3956D46DE8}") = "libevpp", "libevpp", "{B958E4FC-C488-4990-A993-CE104AEFCE4E}"
EndProject
Project("{8BC9CEB8-8B4A-11D0-8D11-00A0C91BC942}") = "evpp_curl", "vsprojects\evpp_curl.vcxproj", "{4BFA5E98-1ABC-4138-86A2-3575E8FEA504}"
EndProject
Project("{8BC9CEB8-8B4A-11D0-8D11-00A0C91BC942}") = "evpp_crypto", "vsprojects\evpp_crypto.vcxproj", "{8242EFB3-1743-4091-84C9-BAE9F905AD1C}"
EndProject
Project("{8BC9CEB8-8B4A-11D0-8D11-00A0C91BC942}") = "libcurl", "..\3rdparty\libcurl\vsprojects\lib\libcurl.vcxproj", "{4ACDFE70-2313-3C8A-B039-26DCA31918B1}"
EndProject
Project("{8BC9CEB8-8B4A-11D0-8D11-00A0C91BC942}") = "event_static", "..\3rdparty\libevent\vsprojects\event_static.vcxproj", "{13FD3148-8722-3F75-8E0D-1B1D0F3A731D}"
EndProject
Project("{8BC9CEB8-8B4A-11D0-8D11-00A0C91BC942}") = "event_openssl_static", "..\3rdparty\libevent\vsprojects\event_openssl_static.vcxproj", "{77228F64-555A-46FF-9B51-35720C49D689}"
EndProject
Project("{8BC9CEB8-8B4A-11D0-8D11-00A0C91BC942}") = "event_extra_static", "..\3rdparty\libevent\vsprojects\event_extra_static.vcxproj", "{155CF2AC-FEB7-30C1-AD7C-DE7BAEF6B1B2}"
EndProject
Project("{8BC9CEB8-8B4A-11D0-8D11-00A0C91BC942}") = "event_core_static", "..\3rdparty\libevent\vsprojects\event_core_static.vcxproj", "{E3893765-427F-3F16-9B39-FAFEF0834CC9}"
EndProject
Project("{8BC9CEB8-8B4A-11D0-8D11-00A0C91BC942}") = "glog", "..\3rdparty\libglog\vsprojects\glog.vcxproj", "{EC2C9CEA-E682-3403-8267-D53F9E182C1E}"
EndProject
Project("{8BC9CEB8-8B4A-11D0-8D11-00A0C91BC942}") = "c-ares_static", "..\3rdparty\libc-ares\vsprojects\src\lib\c-ares_static.vcxproj", "{F039250D-9AA9-3ED3-A6A1-60790C1DB11A}"
EndProject
Project("{2150E333-8FDC-42A3-9474-1A3956D46DE8}") = "c-ares", "c-ares", "{3206A75B-6BEF-459E-B533-571833FFAE87}"
EndProject
Project("{8BC9CEB8-8B4A-11D0-8D11-00A0C91BC942}") = "c-ares", "..\3rdparty\libc-ares\vsprojects\src\lib\c-ares.vcxproj", "{67950A33-B699-3D2B-A1E3-BBBEC986E559}"
EndProject
Project("{2150E333-8FDC-42A3-9474-1A3956D46DE8}") = "libzlib", "libzlib", "{5993EE0C-F03E-463E-B352-0351B5BAAD1C}"
EndProject
Project("{8BC9CEB8-8B4A-11D0-8D11-00A0C91BC942}") = "zlibstatic", "..\3rdparty\libzlib\vsprojects\zlibstatic.vcxproj", "{04041743-C190-3043-87ED-07463367EC86}"
EndProject
Project("{8BC9CEB8-8B4A-11D0-8D11-00A0C91BC942}") = "zlib", "..\3rdparty\libzlib\vsprojects\zlib.vcxproj", "{1A4AE2B5-0746-395D-AAE3-679CB18C82C0}"
EndProject
Project("{8BC9CEB8-8B4A-11D0-8D11-00A0C91BC942}") = "libpthread", "..\3rdparty\libpthread\vsprojects\libpthread.vcxproj", "{5715DB0C-57DB-486B-8539-32AC079A9ADF}"
EndProject
Global
	GlobalSection(SolutionConfigurationPlatforms) = preSolution
		Debug|x64 = Debug|x64
		Debug|x86 = Debug|x86
		Release|x64 = Release|x64
		Release|x86 = Release|x86
	EndGlobalSection
	GlobalSection(ProjectConfigurationPlatforms) = postSolution
		{84026A9C-29DC-4C42-9AA5-5776F51828BB}.Debug|x64.ActiveCfg = Debug|x64
		{84026A9C-29DC-4C42-9AA5-5776F51828BB}.Debug|x64.Build.0 = Debug|x64
		{84026A9C-29DC-4C42-9AA5-5776F51828BB}.Debug|x86.ActiveCfg = Debug|Win32
		{84026A9C-29DC-4C42-9AA5-5776F51828BB}.Debug|x86.Build.0 = Debug|Win32
		{84026A9C-29DC-4C42-9AA5-5776F51828BB}.Release|x64.ActiveCfg = Release|x64
		{84026A9C-29DC-4C42-9AA5-5776F51828BB}.Release|x64.Build.0 = Release|x64
		{84026A9C-29DC-4C42-9AA5-5776F51828BB}.Release|x86.ActiveCfg = Release|Win32
		{84026A9C-29DC-4C42-9AA5-5776F51828BB}.Release|x86.Build.0 = Release|Win32
		{CF53E5DA-4975-4E8F-B1C0-E260D7CA5B8B}.Debug|x64.ActiveCfg = Debug|x64
		{CF53E5DA-4975-4E8F-B1C0-E260D7CA5B8B}.Debug|x64.Build.0 = Debug|x64
		{CF53E5DA-4975-4E8F-B1C0-E260D7CA5B8B}.Debug|x86.ActiveCfg = Debug|Win32
		{CF53E5DA-4975-4E8F-B1C0-E260D7CA5B8B}.Debug|x86.Build.0 = Debug|Win32
		{CF53E5DA-4975-4E8F-B1C0-E260D7CA5B8B}.Release|x64.ActiveCfg = Release|x64
		{CF53E5DA-4975-4E8F-B1C0-E260D7CA5B8B}.Release|x64.Build.0 = Release|x64
		{CF53E5DA-4975-4E8F-B1C0-E260D7CA5B8B}.Release|x86.ActiveCfg = Release|Win32
		{CF53E5DA-4975-4E8F-B1C0-E260D7CA5B8B}.Release|x86.Build.0 = Release|Win32
		{4BFA5E98-1ABC-4138-86A2-3575E8FEA504}.Debug|x64.ActiveCfg = Debug|x64
		{4BFA5E98-1ABC-4138-86A2-3575E8FEA504}.Debug|x64.Build.0 = Debug|x64
		{4BFA5E98-1ABC-4138-86A2-3575E8FEA504}.Debug|x86.ActiveCfg = Debug|Win32
		{4BFA5E98-1ABC-4138-86A2-3575E8FEA504}.Debug|x86.Build.0 = Debug|Win32
		{4BFA5E98-1ABC-4138-86A2-3575E8FEA504}.Release|x64.ActiveCfg = Release|x64
		{4BFA5E98-1ABC-4138-86A2-3575E8FEA504}.Release|x64.Build.0 = Release|x64
		{4BFA5E98-1ABC-4138-86A2-3575E8FEA504}.Release|x86.ActiveCfg = Release|Win32
		{4BFA5E98-1ABC-4138-86A2-3575E8FEA504}.Release|x86.Build.0 = Release|Win32
		{8242EFB3-1743-4091-84C9-BAE9F905AD1C}.Debug|x64.ActiveCfg = Debug|x64
		{8242EFB3-1743-4091-84C9-BAE9F905AD1C}.Debug|x64.Build.0 = Debug|x64
		{8242EFB3-1743-4091-84C9-BAE9F905AD1C}.Debug|x86.ActiveCfg = Debug|Win32
		{8242EFB3-1743-4091-84C9-BAE9F905AD1C}.Debug|x86.Build.0 = Debug|Win32
		{8242EFB3-1743-4091-84C9-BAE9F905AD1C}.Release|x64.ActiveCfg = Release|x64
		{8242EFB3-1743-4091-84C9-BAE9F905AD1C}.Release|x64.Build.0 = Release|x64
		{8242EFB3-1743-4091-84C9-BAE9F905AD1C}.Release|x86.ActiveCfg = Release|Win32
		{8242EFB3-1743-4091-84C9-BAE9F905AD1C}.Release|x86.Build.0 = Release|Win32
		{4ACDFE70-2313-3C8A-B039-26DCA31918B1}.Debug|x64.ActiveCfg = Debug|x64
		{4ACDFE70-2313-3C8A-B039-26DCA31918B1}.Debug|x64.Build.0 = Debug|x64
		{4ACDFE70-2313-3C8A-B039-26DCA31918B1}.Debug|x86.ActiveCfg = Debug|Win32
		{4ACDFE70-2313-3C8A-B039-26DCA31918B1}.Debug|x86.Build.0 = Debug|Win32
		{4ACDFE70-2313-3C8A-B039-26DCA31918B1}.Release|x64.ActiveCfg = Release|x64
		{4ACDFE70-2313-3C8A-B039-26DCA31918B1}.Release|x64.Build.0 = Release|x64
		{4ACDFE70-2313-3C8A-B039-26DCA31918B1}.Release|x86.ActiveCfg = Release|Win32
		{4ACDFE70-2313-3C8A-B039-26DCA31918B1}.Release|x86.Build.0 = Release|Win32
		{13FD3148-8722-3F75-8E0D-1B1D0F3A731D}.Debug|x64.ActiveCfg = Debug|x64
		{13FD3148-8722-3F75-8E0D-1B1D0F3A731D}.Debug|x64.Build.0 = Debug|x64
		{13FD3148-8722-3F75-8E0D-1B1D0F3A731D}.Debug|x86.ActiveCfg = Debug|Win32
		{13FD3148-8722-3F75-8E0D-1B1D0F3A731D}.Debug|x86.Build.0 = Debug|Win32
		{13FD3148-8722-3F75-8E0D-1B1D0F3A731D}.Release|x64.ActiveCfg = Release|x64
		{13FD3148-8722-3F75-8E0D-1B1D0F3A731D}.Release|x64.Build.0 = Release|x64
		{13FD3148-8722-3F75-8E0D-1B1D0F3A731D}.Release|x86.ActiveCfg = Release|Win32
		{13FD3148-8722-3F75-8E0D-1B1D0F3A731D}.Release|x86.Build.0 = Release|Win32
		{77228F64-555A-46FF-9B51-35720C49D689}.Debug|x64.ActiveCfg = Debug|x64
		{77228F64-555A-46FF-9B51-35720C49D689}.Debug|x64.Build.0 = Debug|x64
		{77228F64-555A-46FF-9B51-35720C49D689}.Debug|x86.ActiveCfg = Debug|Win32
		{77228F64-555A-46FF-9B51-35720C49D689}.Debug|x86.Build.0 = Debug|Win32
		{77228F64-555A-46FF-9B51-35720C49D689}.Release|x64.ActiveCfg = Release|x64
		{77228F64-555A-46FF-9B51-35720C49D689}.Release|x64.Build.0 = Release|x64
		{77228F64-555A-46FF-9B51-35720C49D689}.Release|x86.ActiveCfg = Release|Win32
		{77228F64-555A-46FF-9B51-35720C49D689}.Release|x86.Build.0 = Release|Win32
		{155CF2AC-FEB7-30C1-AD7C-DE7BAEF6B1B2}.Debug|x64.ActiveCfg = Debug|x64
		{155CF2AC-FEB7-30C1-AD7C-DE7BAEF6B1B2}.Debug|x64.Build.0 = Debug|x64
		{155CF2AC-FEB7-30C1-AD7C-DE7BAEF6B1B2}.Debug|x86.ActiveCfg = Debug|Win32
		{155CF2AC-FEB7-30C1-AD7C-DE7BAEF6B1B2}.Debug|x86.Build.0 = Debug|Win32
		{155CF2AC-FEB7-30C1-AD7C-DE7BAEF6B1B2}.Release|x64.ActiveCfg = Release|x64
		{155CF2AC-FEB7-30C1-AD7C-DE7BAEF6B1B2}.Release|x64.Build.0 = Release|x64
		{155CF2AC-FEB7-30C1-AD7C-DE7BAEF6B1B2}.Release|x86.ActiveCfg = Release|Win32
		{155CF2AC-FEB7-30C1-AD7C-DE7BAEF6B1B2}.Release|x86.Build.0 = Release|Win32
		{E3893765-427F-3F16-9B39-FAFEF0834CC9}.Debug|x64.ActiveCfg = Debug|x64
		{E3893765-427F-3F16-9B39-FAFEF0834CC9}.Debug|x64.Build.0 = Debug|x64
		{E3893765-427F-3F16-9B39-FAFEF0834CC9}.Debug|x86.ActiveCfg = Debug|Win32
		{E3893765-427F-3F16-9B39-FAFEF0834CC9}.Debug|x86.Build.0 = Debug|Win32
		{E3893765-427F-3F16-9B39-FAFEF0834CC9}.Release|x64.ActiveCfg = Release|x64
		{E3893765-427F-3F16-9B39-FAFEF0834CC9}.Release|x64.Build.0 = Release|x64
		{E3893765-427F-3F16-9B39-FAFEF0834CC9}.Release|x86.ActiveCfg = Release|Win32
		{E3893765-427F-3F16-9B39-FAFEF0834CC9}.Release|x86.Build.0 = Release|Win32
		{EC2C9CEA-E682-3403-8267-D53F9E182C1E}.Debug|x64.ActiveCfg = Debug|x64
		{EC2C9CEA-E682-3403-8267-D53F9E182C1E}.Debug|x64.Build.0 = Debug|x64
		{EC2C9CEA-E682-3403-8267-D53F9E182C1E}.Debug|x86.ActiveCfg = Debug|Win32
		{EC2C9CEA-E682-3403-8267-D53F9E182C1E}.Debug|x86.Build.0 = Debug|Win32
		{EC2C9CEA-E682-3403-8267-D53F9E182C1E}.Release|x64.ActiveCfg = Release|x64
		{EC2C9CEA-E682-3403-8267-D53F9E182C1E}.Release|x64.Build.0 = Release|x64
		{EC2C9CEA-E682-3403-8267-D53F9E182C1E}.Release|x86.ActiveCfg = Release|Win32
		{EC2C9CEA-E682-3403-8267-D53F9E182C1E}.Release|x86.Build.0 = Release|Win32
		{F039250D-9AA9-3ED3-A6A1-60790C1DB11A}.Debug|x64.ActiveCfg = Debug|x64
		{F039250D-9AA9-3ED3-A6A1-60790C1DB11A}.Debug|x64.Build.0 = Debug|x64
		{F039250D-9AA9-3ED3-A6A1-60790C1DB11A}.Debug|x86.ActiveCfg = Debug|Win32
		{F039250D-9AA9-3ED3-A6A1-60790C1DB11A}.Debug|x86.Build.0 = Debug|Win32
		{F039250D-9AA9-3ED3-A6A1-60790C1DB11A}.Release|x64.ActiveCfg = Release|x64
		{F039250D-9AA9-3ED3-A6A1-60790C1DB11A}.Release|x64.Build.0 = Release|x64
		{F039250D-9AA9-3ED3-A6A1-60790C1DB11A}.Release|x86.ActiveCfg = Release|Win32
		{F039250D-9AA9-3ED3-A6A1-60790C1DB11A}.Release|x86.Build.0 = Release|Win32
		{67950A33-B699-3D2B-A1E3-BBBEC986E559}.Debug|x64.ActiveCfg = Debug|x64
		{67950A33-B699-3D2B-A1E3-BBBEC986E559}.Debug|x64.Build.0 = Debug|x64
		{67950A33-B699-3D2B-A1E3-BBBEC986E559}.Debug|x86.ActiveCfg = Debug|Win32
		{67950A33-B699-3D2B-A1E3-BBBEC986E559}.Debug|x86.Build.0 = Debug|Win32
		{67950A33-B699-3D2B-A1E3-BBBEC986E559}.Release|x64.ActiveCfg = Release|x64
		{67950A33-B699-3D2B-A1E3-BBBEC986E559}.Release|x64.Build.0 = Release|x64
		{67950A33-B699-3D2B-A1E3-BBBEC986E559}.Release|x86.ActiveCfg = Release|Win32
		{67950A33-B699-3D2B-A1E3-BBBEC986E559}.Release|x86.Build.0 = Release|Win32
		{04041743-C190-3043-87ED-07463367EC86}.Debug|x64.ActiveCfg = Debug|x64
		{04041743-C190-3043-87ED-07463367EC86}.Debug|x64.Build.0 = Debug|x64
		{04041743-C190-3043-87ED-07463367EC86}.Debug|x86.ActiveCfg = Debug|Win32
		{04041743-C190-3043-87ED-07463367EC86}.Debug|x86.Build.0 = Debug|Win32
		{04041743-C190-3043-87ED-07463367EC86}.Release|x64.ActiveCfg = Release|x64
		{04041743-C190-3043-87ED-07463367EC86}.Release|x64.Build.0 = Release|x64
		{04041743-C190-3043-87ED-07463367EC86}.Release|x86.ActiveCfg = Release|Win32
		{04041743-C190-3043-87ED-07463367EC86}.Release|x86.Build.0 = Release|Win32
		{1A4AE2B5-0746-395D-AAE3-679CB18C82C0}.Debug|x64.ActiveCfg = Debug|x64
		{1A4AE2B5-0746-395D-AAE3-679CB18C82C0}.Debug|x64.Build.0 = Debug|x64
		{1A4AE2B5-0746-395D-AAE3-679CB18C82C0}.Debug|x86.ActiveCfg = Debug|Win32
		{1A4AE2B5-0746-395D-AAE3-679CB18C82C0}.Debug|x86.Build.0 = Debug|Win32
		{1A4AE2B5-0746-395D-AAE3-679CB18C82C0}.Release|x64.ActiveCfg = Release|x64
		{1A4AE2B5-0746-395D-AAE3-679CB18C82C0}.Release|x64.Build.0 = Release|x64
		{1A4AE2B5-0746-395D-AAE3-679CB18C82C0}.Release|x86.ActiveCfg = Release|Win32
		{1A4AE2B5-0746-395D-AAE3-679CB18C82C0}.Release|x86.Build.0 = Release|Win32
		{5715DB0C-57DB-486B-8539-32AC079A9ADF}.Debug|x64.ActiveCfg = Debug|x64
		{5715DB0C-57DB-486B-8539-32AC079A9ADF}.Debug|x64.Build.0 = Debug|x64
		{5715DB0C-57DB-486B-8539-32AC079A9ADF}.Debug|x86.ActiveCfg = Debug|Win32
		{5715DB0C-57DB-486B-8539-32AC079A9ADF}.Debug|x86.Build.0 = Debug|Win32
		{5715DB0C-57DB-486B-8539-32AC079A9ADF}.Release|x64.ActiveCfg = Release|x64
		{5715DB0C-57DB-486B-8539-32AC079A9ADF}.Release|x64.Build.0 = Release|x64
		{5715DB0C-57DB-486B-8539-32AC079A9ADF}.Release|x86.ActiveCfg = Release|Win32
		{5715DB0C-57DB-486B-8539-32AC079A9ADF}.Release|x86.Build.0 = Release|Win32
	EndGlobalSection
	GlobalSection(SolutionProperties) = preSolution
		HideSolutionNode = FALSE
	EndGlobalSection
	GlobalSection(NestedProjects) = preSolution
		{CF53E5DA-4975-4E8F-B1C0-E260D7CA5B8B} = {B958E4FC-C488-4990-A993-CE104AEFCE4E}
		{4BFA5E98-1ABC-4138-86A2-3575E8FEA504} = {B958E4FC-C488-4990-A993-CE104AEFCE4E}
		{8242EFB3-1743-4091-84C9-BAE9F905AD1C} = {B958E4FC-C488-4990-A993-CE104AEFCE4E}
		{4ACDFE70-2313-3C8A-B039-26DCA31918B1} = {90E442B2-7EA7-41DC-ACC3-3CF6A263485A}
		{13FD3148-8722-3F75-8E0D-1B1D0F3A731D} = {0DD929BE-C03E-492E-BAF4-4396E2DADEB3}
		{77228F64-555A-46FF-9B51-35720C49D689} = {0DD929BE-C03E-492E-BAF4-4396E2DADEB3}
		{155CF2AC-FEB7-30C1-AD7C-DE7BAEF6B1B2} = {0DD929BE-C03E-492E-BAF4-4396E2DADEB3}
		{E3893765-427F-3F16-9B39-FAFEF0834CC9} = {0DD929BE-C03E-492E-BAF4-4396E2DADEB3}
		{EC2C9CEA-E682-3403-8267-D53F9E182C1E} = {A22727FA-FA42-450D-9AA2-AF01EFAD2B25}
		{F039250D-9AA9-3ED3-A6A1-60790C1DB11A} = {3206A75B-6BEF-459E-B533-571833FFAE87}
		{67950A33-B699-3D2B-A1E3-BBBEC986E559} = {3206A75B-6BEF-459E-B533-571833FFAE87}
		{04041743-C190-3043-87ED-07463367EC86} = {5993EE0C-F03E-463E-B352-0351B5BAAD1C}
		{1A4AE2B5-0746-395D-AAE3-679CB18C82C0} = {5993EE0C-F03E-463E-B352-0351B5BAAD1C}
		{5715DB0C-57DB-486B-8539-32AC079A9ADF} = {2F8C4972-EAE5-443A-BCB9-5F8FC6301CD3}
	EndGlobalSection
	GlobalSection(ExtensibilityGlobals) = postSolution
		SolutionGuid = {0F0218A7-0DBE-4738-8E28-5D746E29DAEA}
	EndGlobalSection
EndGlobal
