<?xml version="1.0" encoding="utf-8"?>
<Project ToolsVersion="4.0" xmlns="http://schemas.microsoft.com/developer/msbuild/2003">
  <ItemGroup>
    <Filter Include="include">
      <UniqueIdentifier>{528caa45-a2e7-4b56-8ec7-9b5be66819aa}</UniqueIdentifier>
    </Filter>
    <Filter Include="src">
      <UniqueIdentifier>{8acb8e2e-e357-424f-9c21-f35ac8c19d64}</UniqueIdentifier>
    </Filter>
    <Filter Include="include\core">
      <UniqueIdentifier>{a7be11e1-3171-44a9-86bd-3529fdd0a9e2}</UniqueIdentifier>
    </Filter>
    <Filter Include="common">
      <UniqueIdentifier>{cd75daca-3668-4528-a7d7-b2a86984476f}</UniqueIdentifier>
    </Filter>
    <Filter Include="include\curl">
      <UniqueIdentifier>{ae1e0e0d-3ea3-45b3-870a-54391a144b33}</UniqueIdentifier>
    </Filter>
    <Filter Include="include\tcp">
      <UniqueIdentifier>{221d77e1-cee9-484c-976f-2297dd2fcc04}</UniqueIdentifier>
    </Filter>
    <Filter Include="include\tcp\server">
      <UniqueIdentifier>{a5639124-34bd-4db9-8400-9b60bc3e0daa}</UniqueIdentifier>
    </Filter>
    <Filter Include="src\tcp">
      <UniqueIdentifier>{2abc9b87-5f5f-4864-88a2-0eb1191e5838}</UniqueIdentifier>
    </Filter>
    <Filter Include="src\tcp\tcp">
      <UniqueIdentifier>{ef6f405c-7f71-478d-983e-fc02073e28c6}</UniqueIdentifier>
    </Filter>
    <Filter Include="src\tcp\tcp\server">
      <UniqueIdentifier>{c0bfad08-18d2-45c2-83d2-b1ea6046f0c5}</UniqueIdentifier>
    </Filter>
    <Filter Include="src\curl">
      <UniqueIdentifier>{477701ea-c87e-42fd-8a91-1abc544f2dd5}</UniqueIdentifier>
    </Filter>
    <Filter Include="src\tcp\tcp\client">
      <UniqueIdentifier>{6119a2ce-f15b-4bea-8a96-3033b5325151}</UniqueIdentifier>
    </Filter>
  </ItemGroup>
  <ItemGroup>
    <ClInclude Include="$(MSBuildThisFileDirectory)..\include\event_stdint.h">
      <Filter>include\core</Filter>
    </ClInclude>
    <ClInclude Include="$(MSBuildThisFileDirectory)..\include\event_core.h">
      <Filter>include\core</Filter>
    </ClInclude>
    <ClInclude Include="$(MSBuildThisFileDirectory)..\include\event_deps.h">
      <Filter>include\core</Filter>
    </ClInclude>
    <ClInclude Include="$(MSBuildThisFileDirectory)..\include\event_explicit.h">
      <Filter>include\core</Filter>
    </ClInclude>
    <ClInclude Include="$(MSBuildThisFileDirectory)..\include\event_export.h">
      <Filter>include\core</Filter>
    </ClInclude>
    <ClInclude Include="$(MSBuildThisFileDirectory)..\include\event_platform.h">
      <Filter>include\core</Filter>
    </ClInclude>
    <ClInclude Include="$(MSBuildThisFileDirectory)..\include\event_arch.h">
      <Filter>include\core</Filter>
    </ClInclude>
    <ClInclude Include="$(MSBuildThisFileDirectory)..\include\event_watcher.h">
      <Filter>include</Filter>
    </ClInclude>
    <ClInclude Include="$(MSBuildThisFileDirectory)..\include\event_loop.h">
      <Filter>include</Filter>
    </ClInclude>
    <ClInclude Include="$(MSBuildThisFileDirectory)..\..\logging.h">
      <Filter>common</Filter>
    </ClInclude>
    <ClInclude Include="$(MSBuildThisFileDirectory)..\include\event_timer.h">
      <Filter>include</Filter>
    </ClInclude>
    <ClInclude Include="$(MSBuildThisFileDirectory)..\include\event_duration.h">
      <Filter>include\core</Filter>
    </ClInclude>
    <ClInclude Include="$(MSBuildThisFileDirectory)..\include\event_socket.h">
      <Filter>include</Filter>
    </ClInclude>
    <ClInclude Include="$(MSBuildThisFileDirectory)..\include\event_family.h">
      <Filter>include</Filter>
    </ClInclude>
    <ClInclude Include="$(MSBuildThisFileDirectory)..\include\event_struct.h">
      <Filter>include</Filter>
    </ClInclude>
    <ClInclude Include="$(MSBuildThisFileDirectory)..\include\event_poll.h">
      <Filter>include</Filter>
    </ClInclude>
    <ClInclude Include="$(MSBuildThisFileDirectory)..\include\event_callback.h">
      <Filter>include\core</Filter>
    </ClInclude>
    <ClInclude Include="$(MSBuildThisFileDirectory)..\include\event_queue.h">
      <Filter>include</Filter>
    </ClInclude>
    <ClInclude Include="$(MSBuildThisFileDirectory)..\include\event_buffer.h">
      <Filter>include</Filter>
    </ClInclude>
    <ClInclude Include="$(MSBuildThisFileDirectory)..\include\event_status.h">
      <Filter>include</Filter>
    </ClInclude>
    <ClInclude Include="$(MSBuildThisFileDirectory)..\include\event_loop_thread.h">
      <Filter>include</Filter>
    </ClInclude>
    <ClInclude Include="$(MSBuildThisFileDirectory)..\include\event_loop_thread_pool.h">
      <Filter>include</Filter>
    </ClInclude>
    <ClInclude Include="$(MSBuildThisFileDirectory)..\include\event_plexing.h">
      <Filter>include</Filter>
    </ClInclude>
    <ClInclude Include="$(MSBuildThisFileDirectory)..\include\event_loop_impl.h">
      <Filter>include</Filter>
    </ClInclude>
    <ClInclude Include="$(MSBuildThisFileDirectory)..\include\tcp_listen.h">
      <Filter>include\tcp\server</Filter>
    </ClInclude>
    <ClInclude Include="$(MSBuildThisFileDirectory)..\include\tcp_server.h">
      <Filter>include\tcp\server</Filter>
    </ClInclude>
    <ClInclude Include="$(MSBuildThisFileDirectory)..\include\tcp_session.h">
      <Filter>include\tcp</Filter>
    </ClInclude>
    <ClInclude Include="$(MSBuildThisFileDirectory)..\include\tcp_message.h">
      <Filter>include\tcp</Filter>
    </ClInclude>
    <ClInclude Include="$(MSBuildThisFileDirectory)..\include\event_untlity.h">
      <Filter>include\core</Filter>
    </ClInclude>
    <ClInclude Include="$(MSBuildThisFileDirectory)..\include\event_utils.h">
      <Filter>include\core</Filter>
    </ClInclude>
    <ClInclude Include="$(MSBuildThisFileDirectory)..\include\event_byteswap.h">
      <Filter>include\core</Filter>
    </ClInclude>
    <ClInclude Include="$(MSBuildThisFileDirectory)..\include\tcp_connect_basic.h">
      <Filter>src\tcp\tcp\client</Filter>
    </ClInclude>
    <ClInclude Include="$(MSBuildThisFileDirectory)..\include\tcp_client.h">
      <Filter>src\tcp\tcp\client</Filter>
    </ClInclude>
    <ClInclude Include="$(MSBuildThisFileDirectory)..\include\tcp_connect.h">
      <Filter>src\tcp\tcp\client</Filter>
    </ClInclude>
    <ClInclude Include="$(MSBuildThisFileDirectory)..\include\tcp_client_ex.h">
      <Filter>src\tcp\tcp\client</Filter>
    </ClInclude>
    <ClInclude Include="$(MSBuildThisFileDirectory)..\include\http_response.h">
      <Filter>include\curl</Filter>
    </ClInclude>
    <ClInclude Include="$(MSBuildThisFileDirectory)..\include\http_response_basic.h">
      <Filter>include\curl</Filter>
    </ClInclude>
    <ClInclude Include="$(MSBuildThisFileDirectory)..\include\http_response_details.h">
      <Filter>include\curl</Filter>
    </ClInclude>
    <ClInclude Include="$(MSBuildThisFileDirectory)..\include\http_response_details_impl.h">
      <Filter>include\curl</Filter>
    </ClInclude>
    <ClInclude Include="$(MSBuildThisFileDirectory)..\include\http_response_info.h">
      <Filter>include\curl</Filter>
    </ClInclude>
    <ClInclude Include="$(MSBuildThisFileDirectory)..\include\http_response_perform.h">
      <Filter>include\curl</Filter>
    </ClInclude>
    <ClInclude Include="$(MSBuildThisFileDirectory)..\include\http_request.h">
      <Filter>include\curl</Filter>
    </ClInclude>
    <ClInclude Include="$(MSBuildThisFileDirectory)..\include\http_request_basic.h">
      <Filter>include\curl</Filter>
    </ClInclude>
  </ItemGroup>
  <ItemGroup>
    <ClCompile Include="$(MSBuildThisFileDirectory)..\src\event_watcher.cc">
      <Filter>src</Filter>
    </ClCompile>
    <ClCompile Include="$(MSBuildThisFileDirectory)..\src\event_loop.cc">
      <Filter>src</Filter>
    </ClCompile>
    <ClCompile Include="$(MSBuildThisFileDirectory)..\src\event_timer.cc">
      <Filter>src</Filter>
    </ClCompile>
    <ClCompile Include="$(MSBuildThisFileDirectory)..\src\event_family.cc">
      <Filter>src</Filter>
    </ClCompile>
    <ClCompile Include="$(MSBuildThisFileDirectory)..\src\event_socket.cc">
      <Filter>src</Filter>
    </ClCompile>
    <ClCompile Include="$(MSBuildThisFileDirectory)..\src\event_poll.cc">
      <Filter>src</Filter>
    </ClCompile>
    <ClCompile Include="$(MSBuildThisFileDirectory)..\src\tcp_session.cc">
      <Filter>src\tcp\tcp</Filter>
    </ClCompile>
    <ClCompile Include="$(MSBuildThisFileDirectory)..\src\tcp_listen.cc">
      <Filter>src\tcp\tcp\server</Filter>
    </ClCompile>
    <ClCompile Include="$(MSBuildThisFileDirectory)..\src\tcp_server.cc">
      <Filter>src\tcp\tcp\server</Filter>
    </ClCompile>
    <ClCompile Include="$(MSBuildThisFileDirectory)..\src\tcp_message.cc">
      <Filter>src\tcp\tcp</Filter>
    </ClCompile>
    <ClCompile Include="$(MSBuildThisFileDirectory)..\src\event_queue.cc">
      <Filter>src</Filter>
    </ClCompile>
    <ClCompile Include="$(MSBuildThisFileDirectory)..\src\event_buffer.cc">
      <Filter>src</Filter>
    </ClCompile>
    <ClCompile Include="$(MSBuildThisFileDirectory)..\src\event_status.cc">
      <Filter>src</Filter>
    </ClCompile>
    <ClCompile Include="$(MSBuildThisFileDirectory)..\src\event_loop_thread.cc">
      <Filter>src</Filter>
    </ClCompile>
    <ClCompile Include="$(MSBuildThisFileDirectory)..\src\event_loop_thread_pool.cc">
      <Filter>src</Filter>
    </ClCompile>
    <ClCompile Include="$(MSBuildThisFileDirectory)..\src\event_loop_impl.cc">
      <Filter>src</Filter>
    </ClCompile>
    <ClCompile Include="$(MSBuildThisFileDirectory)..\src\tcp_connect_basic.cc">
      <Filter>src\tcp\tcp\client</Filter>
    </ClCompile>
    <ClCompile Include="$(MSBuildThisFileDirectory)..\src\tcp_client.cc">
      <Filter>src\tcp\tcp\client</Filter>
    </ClCompile>
    <ClCompile Include="$(MSBuildThisFileDirectory)..\src\tcp_connect.cc">
      <Filter>src\tcp\tcp\client</Filter>
    </ClCompile>
    <ClCompile Include="$(MSBuildThisFileDirectory)..\src\tcp_client_ex.cc">
      <Filter>src\tcp\tcp\client</Filter>
    </ClCompile>
    <ClCompile Include="$(MSBuildThisFileDirectory)..\src\curl\http_response.cc">
      <Filter>src\curl</Filter>
    </ClCompile>
    <ClCompile Include="$(MSBuildThisFileDirectory)..\src\curl\http_response_basic.cc">
      <Filter>src\curl</Filter>
    </ClCompile>
    <ClCompile Include="$(MSBuildThisFileDirectory)..\src\curl\http_response_details.cc">
      <Filter>src\curl</Filter>
    </ClCompile>
    <ClCompile Include="$(MSBuildThisFileDirectory)..\src\curl\http_response_details_impl.cc">
      <Filter>src\curl</Filter>
    </ClCompile>
    <ClCompile Include="$(MSBuildThisFileDirectory)..\src\curl\http_response_info.cc">
      <Filter>src\curl</Filter>
    </ClCompile>
    <ClCompile Include="$(MSBuildThisFileDirectory)..\src\curl\http_response_perform.cc">
      <Filter>src\curl</Filter>
    </ClCompile>
    <ClCompile Include="$(MSBuildThisFileDirectory)..\src\curl\http_request.cc">
      <Filter>src\curl</Filter>
    </ClCompile>
    <ClCompile Include="$(MSBuildThisFileDirectory)..\src\curl\http_request_basic.cc">
      <Filter>src\curl</Filter>
    </ClCompile>
  </ItemGroup>
</Project>