<?xml version="1.0" encoding="utf-8"?>
<Project ToolsVersion="4.0" xmlns="http://schemas.microsoft.com/developer/msbuild/2003">
  <ItemGroup>
    <Filter Include="src">
      <UniqueIdentifier>{4FC737F1-C7A5-4376-A066-2A32D752A2FF}</UniqueIdentifier>
      <Extensions>cpp;c;cc;cxx;c++;cppm;ixx;def;odl;idl;hpj;bat;asm;asmx</Extensions>
    </Filter>
    <Filter Include="include">
      <UniqueIdentifier>{93995380-89BD-4b04-88EB-625FBE52EBFB}</UniqueIdentifier>
      <Extensions>h;hh;hpp;hxx;h++;hm;inl;inc;ipp;xsd</Extensions>
    </Filter>
  </ItemGroup>
  <ItemGroup>
    <ClCompile Include="..\src\curl\http_request_basic.cc">
      <Filter>src</Filter>
    </ClCompile>
    <ClCompile Include="..\src\curl\http_response.cc">
      <Filter>src</Filter>
    </ClCompile>
    <ClCompile Include="..\src\curl\http_response_basic.cc">
      <Filter>src</Filter>
    </ClCompile>
    <ClCompile Include="..\src\curl\http_response_details.cc">
      <Filter>src</Filter>
    </ClCompile>
    <ClCompile Include="..\src\curl\http_response_details_impl.cc">
      <Filter>src</Filter>
    </ClCompile>
    <ClCompile Include="..\src\curl\http_response_info.cc">
      <Filter>src</Filter>
    </ClCompile>
    <ClCompile Include="..\src\curl\http_response_perform.cc">
      <Filter>src</Filter>
    </ClCompile>
  </ItemGroup>
  <ItemGroup>
    <ClInclude Include="..\include\network\curl\http_request_basic.h">
      <Filter>include</Filter>
    </ClInclude>
    <ClInclude Include="..\include\network\curl\http_response.h">
      <Filter>include</Filter>
    </ClInclude>
    <ClInclude Include="..\include\network\curl\http_response_basic.h">
      <Filter>include</Filter>
    </ClInclude>
    <ClInclude Include="..\include\network\curl\http_response_details.h">
      <Filter>include</Filter>
    </ClInclude>
    <ClInclude Include="..\include\network\curl\http_response_details_impl.h">
      <Filter>include</Filter>
    </ClInclude>
    <ClInclude Include="..\include\network\curl\http_response_info.h">
      <Filter>include</Filter>
    </ClInclude>
    <ClInclude Include="..\include\network\curl\http_response_perform.h">
      <Filter>include</Filter>
    </ClInclude>
  </ItemGroup>
</Project>